
Microsoft Visual Studio Solution File, Format Version 12.00
# Visual Studio Version 17
VisualStudioVersion = 17.14.37314.3 d17.14
MinimumVisualStudioVersion = 10.0.40219.1
Project("{FAE04EC0-301F-11D3-BF4B-00C04F79EFBC}") = "Backend", "Backend\Backend.csproj", "{AD91C542-FD4B-4DC4-B57A-AC2F81D64917}"
EndProject
Global
	GlobalSection(SolutionConfigurationPlatforms) = preSolution
		Debug|Any CPU = Debug|Any CPU
		Release|Any CPU = Release|Any CPU
	EndGlobalSection
	GlobalSection(ProjectConfigurationPlatforms) = postSolution
		{AD91C542-FD4B-4DC4-B57A-AC2F81D64917}.Debug|Any CPU.ActiveCfg = Debug|Any CPU
		{AD91C542-FD4B-4DC4-B57A-AC2F81D64917}.Debug|Any CPU.Build.0 = Debug|Any CPU
		{AD91C542-FD4B-4DC4-B57A-AC2F81D64917}.Release|Any CPU.ActiveCfg = Release|Any CPU
		{AD91C542-FD4B-4DC4-B57A-AC2F81D64917}.Release|Any CPU.Build.0 = Release|Any CPU
	EndGlobalSection
	GlobalSection(SolutionProperties) = preSolution
		HideSolutionNode = FALSE
	EndGlobalSection
	GlobalSection(ExtensibilityGlobals) = postSolution
		SolutionGuid = {1EC6ED45-5A45-43EA-8B9B-A79A2292F089}
	EndGlobalSection
EndGlobal
